// !$*UTF8*$!
{
	archiveVersion = 1;
	classes = {
	};
	objectVersion = 46;
	objects = {

/* Begin PBXBuildFile section */
		5D50CD248496B9655CB22047 /* Pods_Hippocampus.framework in Frameworks */ = {isa = PBXBuildFile; fileRef = 054FDE4E18FCA52E558626E0 /* Pods_Hippocampus.framework */; };
		7119E5711EB703DC000F2893 /* diary_data.xcdatamodeld in Sources */ = {isa = PBXBuildFile; fileRef = 7119E56F1EB703DC000F2893 /* diary_data.xcdatamodeld */; };
		7119E57E1EB828E4000F2893 /* UserData+CoreDataClass.swift in Sources */ = {isa = PBXBuildFile; fileRef = 7119E57A1EB828E4000F2893 /* UserData+CoreDataClass.swift */; };
		7119E57F1EB828E4000F2893 /* UserData+CoreDataProperties.swift in Sources */ = {isa = PBXBuildFile; fileRef = 7119E57B1EB828E4000F2893 /* UserData+CoreDataProperties.swift */; };
		7119E5801EB828E4000F2893 /* Diary+CoreDataClass.swift in Sources */ = {isa = PBXBuildFile; fileRef = 7119E57C1EB828E4000F2893 /* Diary+CoreDataClass.swift */; };
		7119E5811EB828E4000F2893 /* Diary+CoreDataProperties.swift in Sources */ = {isa = PBXBuildFile; fileRef = 7119E57D1EB828E4000F2893 /* Diary+CoreDataProperties.swift */; };
		712BAA911EB83F1E0092932E /* CalendarViewController.swift in Sources */ = {isa = PBXBuildFile; fileRef = 712BAA901EB83F1E0092932E /* CalendarViewController.swift */; };
		712BAA931EB83F400092932E /* MapViewController.swift in Sources */ = {isa = PBXBuildFile; fileRef = 712BAA921EB83F400092932E /* MapViewController.swift */; };
		712BAA951EB83F580092932E /* SettingsViewController.swift in Sources */ = {isa = PBXBuildFile; fileRef = 712BAA941EB83F580092932E /* SettingsViewController.swift */; };
		712BAA971EB844AF0092932E /* CalendarCell.swift in Sources */ = {isa = PBXBuildFile; fileRef = 712BAA961EB844AF0092932E /* CalendarCell.swift */; };
		718866D31EB0429100AD11F8 /* AppDelegate.swift in Sources */ = {isa = PBXBuildFile; fileRef = 718866D21EB0429100AD11F8 /* AppDelegate.swift */; };
		718866D51EB0429100AD11F8 /* ViewController.swift in Sources */ = {isa = PBXBuildFile; fileRef = 718866D41EB0429100AD11F8 /* ViewController.swift */; };
		718866DA1EB0429100AD11F8 /* Assets.xcassets in Resources */ = {isa = PBXBuildFile; fileRef = 718866D91EB0429100AD11F8 /* Assets.xcassets */; };
		718866DD1EB0429100AD11F8 /* LaunchScreen.storyboard in Resources */ = {isa = PBXBuildFile; fileRef = 718866DB1EB0429100AD11F8 /* LaunchScreen.storyboard */; };
		718866E81EB0429100AD11F8 /* HippocampusTests.swift in Sources */ = {isa = PBXBuildFile; fileRef = 718866E71EB0429100AD11F8 /* HippocampusTests.swift */; };
		718866F31EB0429100AD11F8 /* HippocampusUITests.swift in Sources */ = {isa = PBXBuildFile; fileRef = 718866F21EB0429100AD11F8 /* HippocampusUITests.swift */; };
		718867021EB04B9F00AD11F8 /* TagViewController.swift in Sources */ = {isa = PBXBuildFile; fileRef = 718867011EB04B9F00AD11F8 /* TagViewController.swift */; };
		718867041EB04BAB00AD11F8 /* PlusViewController.swift in Sources */ = {isa = PBXBuildFile; fileRef = 718867031EB04BAB00AD11F8 /* PlusViewController.swift */; };
		718867071EB0530000AD11F8 /* GlobalVar.swift in Sources */ = {isa = PBXBuildFile; fileRef = 718867061EB0530000AD11F8 /* GlobalVar.swift */; };
		7188670A1EB058E600AD11F8 /* Main.storyboard in Resources */ = {isa = PBXBuildFile; fileRef = 718867081EB058E600AD11F8 /* Main.storyboard */; };
/* End PBXBuildFile section */

/* Begin PBXContainerItemProxy section */
		718866E41EB0429100AD11F8 /* PBXContainerItemProxy */ = {
			isa = PBXContainerItemProxy;
			containerPortal = 718866C71EB0429100AD11F8 /* Project object */;
			proxyType = 1;
			remoteGlobalIDString = 718866CE1EB0429100AD11F8;
			remoteInfo = Hippocampus;
		};
		718866EF1EB0429100AD11F8 /* PBXContainerItemProxy */ = {
			isa = PBXContainerItemProxy;
			containerPortal = 718866C71EB0429100AD11F8 /* Project object */;
			proxyType = 1;
			remoteGlobalIDString = 718866CE1EB0429100AD11F8;
			remoteInfo = Hippocampus;
		};
/* End PBXContainerItemProxy section */

/* Begin PBXFileReference section */
		054FDE4E18FCA52E558626E0 /* Pods_Hippocampus.framework */ = {isa = PBXFileReference; explicitFileType = wrapper.framework; includeInIndex = 0; path = Pods_Hippocampus.framework; sourceTree = BUILT_PRODUCTS_DIR; };
		47E6228662497DA245DC1A14 /* Pods-Hippocampus.release.xcconfig */ = {isa = PBXFileReference; includeInIndex = 1; lastKnownFileType = text.xcconfig; name = "Pods-Hippocampus.release.xcconfig"; path = "../Pods/Target Support Files/Pods-Hippocampus/Pods-Hippocampus.release.xcconfig"; sourceTree = "<group>"; };
		7119E5701EB703DC000F2893 /* diary_data.xcdatamodel */ = {isa = PBXFileReference; lastKnownFileType = wrapper.xcdatamodel; path = diary_data.xcdatamodel; sourceTree = "<group>"; };
		7119E57A1EB828E4000F2893 /* UserData+CoreDataClass.swift */ = {isa = PBXFileReference; fileEncoding = 4; lastKnownFileType = sourcecode.swift; name = "UserData+CoreDataClass.swift"; path = "Hippocampus_CoreData/UserData+CoreDataClass.swift"; sourceTree = "<group>"; };
		7119E57B1EB828E4000F2893 /* UserData+CoreDataProperties.swift */ = {isa = PBXFileReference; fileEncoding = 4; lastKnownFileType = sourcecode.swift; name = "UserData+CoreDataProperties.swift"; path = "Hippocampus_CoreData/UserData+CoreDataProperties.swift"; sourceTree = "<group>"; };
		7119E57C1EB828E4000F2893 /* Diary+CoreDataClass.swift */ = {isa = PBXFileReference; fileEncoding = 4; lastKnownFileType = sourcecode.swift; name = "Diary+CoreDataClass.swift"; path = "Hippocampus_CoreData/Diary+CoreDataClass.swift"; sourceTree = "<group>"; };
		7119E57D1EB828E4000F2893 /* Diary+CoreDataProperties.swift */ = {isa = PBXFileReference; fileEncoding = 4; lastKnownFileType = sourcecode.swift; name = "Diary+CoreDataProperties.swift"; path = "Hippocampus_CoreData/Diary+CoreDataProperties.swift"; sourceTree = "<group>"; };
		712BAA901EB83F1E0092932E /* CalendarViewController.swift */ = {isa = PBXFileReference; fileEncoding = 4; lastKnownFileType = sourcecode.swift; path = CalendarViewController.swift; sourceTree = "<group>"; };
		712BAA921EB83F400092932E /* MapViewController.swift */ = {isa = PBXFileReference; fileEncoding = 4; lastKnownFileType = sourcecode.swift; path = MapViewController.swift; sourceTree = "<group>"; };
		712BAA941EB83F580092932E /* SettingsViewController.swift */ = {isa = PBXFileReference; fileEncoding = 4; lastKnownFileType = sourcecode.swift; name = SettingsViewController.swift; path = ../../../Downloads/SettingsViewController.swift; sourceTree = "<group>"; };
		712BAA961EB844AF0092932E /* CalendarCell.swift */ = {isa = PBXFileReference; fileEncoding = 4; lastKnownFileType = sourcecode.swift; path = CalendarCell.swift; sourceTree = "<group>"; };
		718866CF1EB0429100AD11F8 /* Hippocampus.app */ = {isa = PBXFileReference; explicitFileType = wrapper.application; includeInIndex = 0; path = Hippocampus.app; sourceTree = BUILT_PRODUCTS_DIR; };
		718866D21EB0429100AD11F8 /* AppDelegate.swift */ = {isa = PBXFileReference; lastKnownFileType = sourcecode.swift; path = AppDelegate.swift; sourceTree = "<group>"; };
		718866D41EB0429100AD11F8 /* ViewController.swift */ = {isa = PBXFileReference; lastKnownFileType = sourcecode.swift; path = ViewController.swift; sourceTree = "<group>"; };
		718866D91EB0429100AD11F8 /* Assets.xcassets */ = {isa = PBXFileReference; lastKnownFileType = folder.assetcatalog; path = Assets.xcassets; sourceTree = "<group>"; };
		718866DC1EB0429100AD11F8 /* Base */ = {isa = PBXFileReference; lastKnownFileType = file.storyboard; name = Base; path = Base.lproj/LaunchScreen.storyboard; sourceTree = "<group>"; };
		718866DE1EB0429100AD11F8 /* Info.plist */ = {isa = PBXFileReference; lastKnownFileType = text.plist.xml; path = Info.plist; sourceTree = "<group>"; };
		718866E31EB0429100AD11F8 /* HippocampusTests.xctest */ = {isa = PBXFileReference; explicitFileType = wrapper.cfbundle; includeInIndex = 0; path = HippocampusTests.xctest; sourceTree = BUILT_PRODUCTS_DIR; };
		718866E71EB0429100AD11F8 /* HippocampusTests.swift */ = {isa = PBXFileReference; lastKnownFileType = sourcecode.swift; path = HippocampusTests.swift; sourceTree = "<group>"; };
		718866E91EB0429100AD11F8 /* Info.plist */ = {isa = PBXFileReference; lastKnownFileType = text.plist.xml; path = Info.plist; sourceTree = "<group>"; };
		718866EE1EB0429100AD11F8 /* HippocampusUITests.xctest */ = {isa = PBXFileReference; explicitFileType = wrapper.cfbundle; includeInIndex = 0; path = HippocampusUITests.xctest; sourceTree = BUILT_PRODUCTS_DIR; };
		718866F21EB0429100AD11F8 /* HippocampusUITests.swift */ = {isa = PBXFileReference; lastKnownFileType = sourcecode.swift; path = HippocampusUITests.swift; sourceTree = "<group>"; };
		718866F41EB0429100AD11F8 /* Info.plist */ = {isa = PBXFileReference; lastKnownFileType = text.plist.xml; path = Info.plist; sourceTree = "<group>"; };
		718867011EB04B9F00AD11F8 /* TagViewController.swift */ = {isa = PBXFileReference; fileEncoding = 4; lastKnownFileType = sourcecode.swift; path = TagViewController.swift; sourceTree = "<group>"; };
		718867031EB04BAB00AD11F8 /* PlusViewController.swift */ = {isa = PBXFileReference; fileEncoding = 4; lastKnownFileType = sourcecode.swift; path = PlusViewController.swift; sourceTree = "<group>"; };
		718867061EB0530000AD11F8 /* GlobalVar.swift */ = {isa = PBXFileReference; fileEncoding = 4; lastKnownFileType = sourcecode.swift; path = GlobalVar.swift; sourceTree = "<group>"; };
		718867091EB058E600AD11F8 /* Base */ = {isa = PBXFileReference; lastKnownFileType = file.storyboard; name = Base; path = Base.lproj/Main.storyboard; sourceTree = "<group>"; };
		77810C145E98F00287DD081F /* Pods-Hippocampus.debug.xcconfig */ = {isa = PBXFileReference; includeInIndex = 1; lastKnownFileType = text.xcconfig; name = "Pods-Hippocampus.debug.xcconfig"; path = "../Pods/Target Support Files/Pods-Hippocampus/Pods-Hippocampus.debug.xcconfig"; sourceTree = "<group>"; };
/* End PBXFileReference section */

/* Begin PBXFrameworksBuildPhase section */
		718866CC1EB0429100AD11F8 /* Frameworks */ = {
			isa = PBXFrameworksBuildPhase;
			buildActionMask = 2147483647;
			files = (
				5D50CD248496B9655CB22047 /* Pods_Hippocampus.framework in Frameworks */,
			);
			runOnlyForDeploymentPostprocessing = 0;
		};
		718866E01EB0429100AD11F8 /* Frameworks */ = {
			isa = PBXFrameworksBuildPhase;
			buildActionMask = 2147483647;
			files = (
			);
			runOnlyForDeploymentPostprocessing = 0;
		};
		718866EB1EB0429100AD11F8 /* Frameworks */ = {
			isa = PBXFrameworksBuildPhase;
			buildActionMask = 2147483647;
			files = (
			);
			runOnlyForDeploymentPostprocessing = 0;
		};
/* End PBXFrameworksBuildPhase section */

/* Begin PBXGroup section */
		718866C61EB0429100AD11F8 = {
			isa = PBXGroup;
			children = (
				7119E57A1EB828E4000F2893 /* UserData+CoreDataClass.swift */,
				7119E57B1EB828E4000F2893 /* UserData+CoreDataProperties.swift */,
				7119E57C1EB828E4000F2893 /* Diary+CoreDataClass.swift */,
				7119E57D1EB828E4000F2893 /* Diary+CoreDataProperties.swift */,
				718866D11EB0429100AD11F8 /* Hippocampus */,
				718866E61EB0429100AD11F8 /* HippocampusTests */,
				718866F11EB0429100AD11F8 /* HippocampusUITests */,
				718866D01EB0429100AD11F8 /* Products */,
				BCF2BFC24B5E6EF4773277DB /* Pods */,
				AE54465ED1C73077FD333701 /* Frameworks */,
			);
			sourceTree = "<group>";
		};
		718866D01EB0429100AD11F8 /* Products */ = {
			isa = PBXGroup;
			children = (
				718866CF1EB0429100AD11F8 /* Hippocampus.app */,
				718866E31EB0429100AD11F8 /* HippocampusTests.xctest */,
				718866EE1EB0429100AD11F8 /* HippocampusUITests.xctest */,
			);
			name = Products;
			sourceTree = "<group>";
		};
		718866D11EB0429100AD11F8 /* Hippocampus */ = {
			isa = PBXGroup;
			children = (
				718867051EB052AE00AD11F8 /* Model */,
				718867001EB04B8400AD11F8 /* View */,
				718866D21EB0429100AD11F8 /* AppDelegate.swift */,
				718866D41EB0429100AD11F8 /* ViewController.swift */,
				718866D91EB0429100AD11F8 /* Assets.xcassets */,
				718867081EB058E600AD11F8 /* Main.storyboard */,
				718866DB1EB0429100AD11F8 /* LaunchScreen.storyboard */,
				718866DE1EB0429100AD11F8 /* Info.plist */,
				7119E56F1EB703DC000F2893 /* diary_data.xcdatamodeld */,
				712BAA961EB844AF0092932E /* CalendarCell.swift */,
			);
			path = Hippocampus;
			sourceTree = "<group>";
		};
		718866E61EB0429100AD11F8 /* HippocampusTests */ = {
			isa = PBXGroup;
			children = (
				718866E71EB0429100AD11F8 /* HippocampusTests.swift */,
				718866E91EB0429100AD11F8 /* Info.plist */,
			);
			path = HippocampusTests;
			sourceTree = "<group>";
		};
		718866F11EB0429100AD11F8 /* HippocampusUITests */ = {
			isa = PBXGroup;
			children = (
				718866F21EB0429100AD11F8 /* HippocampusUITests.swift */,
				718866F41EB0429100AD11F8 /* Info.plist */,
			);
			path = HippocampusUITests;
			sourceTree = "<group>";
		};
		718867001EB04B8400AD11F8 /* View */ = {
			isa = PBXGroup;
			children = (
				718867011EB04B9F00AD11F8 /* TagViewController.swift */,
				718867031EB04BAB00AD11F8 /* PlusViewController.swift */,
				712BAA901EB83F1E0092932E /* CalendarViewController.swift */,
				712BAA921EB83F400092932E /* MapViewController.swift */,
				712BAA941EB83F580092932E /* SettingsViewController.swift */,
			);
			name = View;
			sourceTree = "<group>";
		};
		718867051EB052AE00AD11F8 /* Model */ = {
			isa = PBXGroup;
			children = (
				718867061EB0530000AD11F8 /* GlobalVar.swift */,
			);
			name = Model;
			sourceTree = "<group>";
		};
		AE54465ED1C73077FD333701 /* Frameworks */ = {
			isa = PBXGroup;
			children = (
				054FDE4E18FCA52E558626E0 /* Pods_Hippocampus.framework */,
			);
			name = Frameworks;
			sourceTree = "<group>";
		};
		BCF2BFC24B5E6EF4773277DB /* Pods */ = {
			isa = PBXGroup;
			children = (
				77810C145E98F00287DD081F /* Pods-Hippocampus.debug.xcconfig */,
				47E6228662497DA245DC1A14 /* Pods-Hippocampus.release.xcconfig */,
			);
			name = Pods;
			sourceTree = "<group>";
		};
/* End PBXGroup section */

/* Begin PBXNativeTarget section */
		718866CE1EB0429100AD11F8 /* Hippocampus */ = {
			isa = PBXNativeTarget;
			buildConfigurationList = 718866F71EB0429100AD11F8 /* Build configuration list for PBXNativeTarget "Hippocampus" */;
			buildPhases = (
				DE34EC79980A25D9A18AF874 /* [CP] Check Pods Manifest.lock */,
				718866CB1EB0429100AD11F8 /* Sources */,
				718866CC1EB0429100AD11F8 /* Frameworks */,
				718866CD1EB0429100AD11F8 /* Resources */,
				4741165BA0968CCAE0EE6FA2 /* [CP] Embed Pods Frameworks */,
				DA87EC4FEB33484B0389BBED /* [CP] Copy Pods Resources */,
			);
			buildRules = (
			);
			dependencies = (
			);
			name = Hippocampus;
			productName = Hippocampus;
			productReference = 718866CF1EB0429100AD11F8 /* Hippocampus.app */;
			productType = "com.apple.product-type.application";
		};
		718866E21EB0429100AD11F8 /* HippocampusTests */ = {
			isa = PBXNativeTarget;
			buildConfigurationList = 718866FA1EB0429100AD11F8 /* Build configuration list for PBXNativeTarget "HippocampusTests" */;
			buildPhases = (
				718866DF1EB0429100AD11F8 /* Sources */,
				718866E01EB0429100AD11F8 /* Frameworks */,
				718866E11EB0429100AD11F8 /* Resources */,
			);
			buildRules = (
			);
			dependencies = (
				718866E51EB0429100AD11F8 /* PBXTargetDependency */,
			);
			name = HippocampusTests;
			productName = HippocampusTests;
			productReference = 718866E31EB0429100AD11F8 /* HippocampusTests.xctest */;
			productType = "com.apple.product-type.bundle.unit-test";
		};
		718866ED1EB0429100AD11F8 /* HippocampusUITests */ = {
			isa = PBXNativeTarget;
			buildConfigurationList = 718866FD1EB0429100AD11F8 /* Build configuration list for PBXNativeTarget "HippocampusUITests" */;
			buildPhases = (
				718866EA1EB0429100AD11F8 /* Sources */,
				718866EB1EB0429100AD11F8 /* Frameworks */,
				718866EC1EB0429100AD11F8 /* Resources */,
			);
			buildRules = (
			);
			dependencies = (
				718866F01EB0429100AD11F8 /* PBXTargetDependency */,
			);
			name = HippocampusUITests;
			productName = HippocampusUITests;
			productReference = 718866EE1EB0429100AD11F8 /* HippocampusUITests.xctest */;
			productType = "com.apple.product-type.bundle.ui-testing";
		};
/* End PBXNativeTarget section */

/* Begin PBXProject section */
		718866C71EB0429100AD11F8 /* Project object */ = {
			isa = PBXProject;
			attributes = {
				LastSwiftUpdateCheck = 0830;
				LastUpgradeCheck = 0830;
				ORGANIZATIONNAME = Eileen;
				TargetAttributes = {
					718866CE1EB0429100AD11F8 = {
						CreatedOnToolsVersion = 8.3.2;
						ProvisioningStyle = Automatic;
					};
					718866E21EB0429100AD11F8 = {
						CreatedOnToolsVersion = 8.3.2;
						ProvisioningStyle = Automatic;
						TestTargetID = 718866CE1EB0429100AD11F8;
					};
					718866ED1EB0429100AD11F8 = {
						CreatedOnToolsVersion = 8.3.2;
						ProvisioningStyle = Automatic;
						TestTargetID = 718866CE1EB0429100AD11F8;
					};
				};
			};
			buildConfigurationList = 718866CA1EB0429100AD11F8 /* Build configuration list for PBXProject "Hippocampus" */;
			compatibilityVersion = "Xcode 3.2";
			developmentRegion = English;
			hasScannedForEncodings = 0;
			knownRegions = (
				en,
				Base,
			);
			mainGroup = 718866C61EB0429100AD11F8;
			productRefGroup = 718866D01EB0429100AD11F8 /* Products */;
			projectDirPath = "";
			projectRoot = "";
			targets = (
				718866CE1EB0429100AD11F8 /* Hippocampus */,
				718866E21EB0429100AD11F8 /* HippocampusTests */,
				718866ED1EB0429100AD11F8 /* HippocampusUITests */,
			);
		};
/* End PBXProject section */

/* Begin PBXResourcesBuildPhase section */
		718866CD1EB0429100AD11F8 /* Resources */ = {
			isa = PBXResourcesBuildPhase;
			buildActionMask = 2147483647;
			files = (
				7188670A1EB058E600AD11F8 /* Main.storyboard in Resources */,
				718866DD1EB0429100AD11F8 /* LaunchScreen.storyboard in Resources */,
				718866DA1EB0429100AD11F8 /* Assets.xcassets in Resources */,
			);
			runOnlyForDeploymentPostprocessing = 0;
		};
		718866E11EB0429100AD11F8 /* Resources */ = {
			isa = PBXResourcesBuildPhase;
			buildActionMask = 2147483647;
			files = (
			);
			runOnlyForDeploymentPostprocessing = 0;
		};
		718866EC1EB0429100AD11F8 /* Resources */ = {
			isa = PBXResourcesBuildPhase;
			buildActionMask = 2147483647;
			files = (
			);
			runOnlyForDeploymentPostprocessing = 0;
		};
/* End PBXResourcesBuildPhase section */

/* Begin PBXShellScriptBuildPhase section */
		4741165BA0968CCAE0EE6FA2 /* [CP] Embed Pods Frameworks */ = {
			isa = PBXShellScriptBuildPhase;
			buildActionMask = 2147483647;
			files = (
			);
			inputPaths = (
			);
			name = "[CP] Embed Pods Frameworks";
			outputPaths = (
			);
			runOnlyForDeploymentPostprocessing = 0;
			shellPath = /bin/sh;
			shellScript = "\"${SRCROOT}/../Pods/Target Support Files/Pods-Hippocampus/Pods-Hippocampus-frameworks.sh\"\n";
			showEnvVarsInLog = 0;
		};
		DA87EC4FEB33484B0389BBED /* [CP] Copy Pods Resources */ = {
			isa = PBXShellScriptBuildPhase;
			buildActionMask = 2147483647;
			files = (
			);
			inputPaths = (
			);
			name = "[CP] Copy Pods Resources";
			outputPaths = (
			);
			runOnlyForDeploymentPostprocessing = 0;
			shellPath = /bin/sh;
			shellScript = "\"${SRCROOT}/../Pods/Target Support Files/Pods-Hippocampus/Pods-Hippocampus-resources.sh\"\n";
			showEnvVarsInLog = 0;
		};
		DE34EC79980A25D9A18AF874 /* [CP] Check Pods Manifest.lock */ = {
			isa = PBXShellScriptBuildPhase;
			buildActionMask = 2147483647;
			files = (
			);
			inputPaths = (
			);
			name = "[CP] Check Pods Manifest.lock";
			outputPaths = (
			);
			runOnlyForDeploymentPostprocessing = 0;
			shellPath = /bin/sh;
			shellScript = "diff \"${PODS_ROOT}/../Podfile.lock\" \"${PODS_ROOT}/Manifest.lock\" > /dev/null\nif [ $? != 0 ] ; then\n    # print error to STDERR\n    echo \"error: The sandbox is not in sync with the Podfile.lock. Run 'pod install' or update your CocoaPods installation.\" >&2\n    exit 1\nfi\n";
			showEnvVarsInLog = 0;
		};
/* End PBXShellScriptBuildPhase section */

/* Begin PBXSourcesBuildPhase section */
		718866CB1EB0429100AD11F8 /* Sources */ = {
			isa = PBXSourcesBuildPhase;
			buildActionMask = 2147483647;
			files = (
				7119E5801EB828E4000F2893 /* Diary+CoreDataClass.swift in Sources */,
				712BAA971EB844AF0092932E /* CalendarCell.swift in Sources */,
				7119E57F1EB828E4000F2893 /* UserData+CoreDataProperties.swift in Sources */,
				712BAA911EB83F1E0092932E /* CalendarViewController.swift in Sources */,
				718867071EB0530000AD11F8 /* GlobalVar.swift in Sources */,
				718866D51EB0429100AD11F8 /* ViewController.swift in Sources */,
				718866D31EB0429100AD11F8 /* AppDelegate.swift in Sources */,
				7119E5811EB828E4000F2893 /* Diary+CoreDataProperties.swift in Sources */,
				712BAA931EB83F400092932E /* MapViewController.swift in Sources */,
				7119E57E1EB828E4000F2893 /* UserData+CoreDataClass.swift in Sources */,
				718867041EB04BAB00AD11F8 /* PlusViewController.swift in Sources */,
				712BAA951EB83F580092932E /* SettingsViewController.swift in Sources */,
				718867021EB04B9F00AD11F8 /* TagViewController.swift in Sources */,
				7119E5711EB703DC000F2893 /* diary_data.xcdatamodeld in Sources */,
			);
			runOnlyForDeploymentPostprocessing = 0;
		};
		718866DF1EB0429100AD11F8 /* Sources */ = {
			isa = PBXSourcesBuildPhase;
			buildActionMask = 2147483647;
			files = (
				718866E81EB0429100AD11F8 /* HippocampusTests.swift in Sources */,
			);
			runOnlyForDeploymentPostprocessing = 0;
		};
		718866EA1EB0429100AD11F8 /* Sources */ = {
			isa = PBXSourcesBuildPhase;
			buildActionMask = 2147483647;
			files = (
				718866F31EB0429100AD11F8 /* HippocampusUITests.swift in Sources */,
			);
			runOnlyForDeploymentPostprocessing = 0;
		};
/* End PBXSourcesBuildPhase section */

/* Begin PBXTargetDependency section */
		718866E51EB0429100AD11F8 /* PBXTargetDependency */ = {
			isa = PBXTargetDependency;
			target = 718866CE1EB0429100AD11F8 /* Hippocampus */;
			targetProxy = 718866E41EB0429100AD11F8 /* PBXContainerItemProxy */;
		};
		718866F01EB0429100AD11F8 /* PBXTargetDependency */ = {
			isa = PBXTargetDependency;
			target = 718866CE1EB0429100AD11F8 /* Hippocampus */;
			targetProxy = 718866EF1EB0429100AD11F8 /* PBXContainerItemProxy */;
		};
/* End PBXTargetDependency section */

/* Begin PBXVariantGroup section */
		718866DB1EB0429100AD11F8 /* LaunchScreen.storyboard */ = {
			isa = PBXVariantGroup;
			children = (
				718866DC1EB0429100AD11F8 /* Base */,
			);
			name = LaunchScreen.storyboard;
			sourceTree = "<group>";
		};
		718867081EB058E600AD11F8 /* Main.storyboard */ = {
			isa = PBXVariantGroup;
			children = (
				718867091EB058E600AD11F8 /* Base */,
			);
			name = Main.storyboard;
			sourceTree = "<group>";
		};
/* End PBXVariantGroup section */

/* Begin XCBuildConfiguration section */
		718866F51EB0429100AD11F8 /* Debug */ = {
			isa = XCBuildConfiguration;
			buildSettings = {
				ALWAYS_SEARCH_USER_PATHS = NO;
				CLANG_ANALYZER_NONNULL = YES;
				CLANG_ANALYZER_NUMBER_OBJECT_CONVERSION = YES_AGGRESSIVE;
				CLANG_CXX_LANGUAGE_STANDARD = "gnu++0x";
				CLANG_CXX_LIBRARY = "libc++";
				CLANG_ENABLE_MODULES = YES;
				CLANG_ENABLE_OBJC_ARC = YES;
				CLANG_WARN_BOOL_CONVERSION = YES;
				CLANG_WARN_CONSTANT_CONVERSION = YES;
				CLANG_WARN_DIRECT_OBJC_ISA_USAGE = YES_ERROR;
				CLANG_WARN_DOCUMENTATION_COMMENTS = YES;
				CLANG_WARN_EMPTY_BODY = YES;
				CLANG_WARN_ENUM_CONVERSION = YES;
				CLANG_WARN_INFINITE_RECURSION = YES;
				CLANG_WARN_INT_CONVERSION = YES;
				CLANG_WARN_OBJC_ROOT_CLASS = YES_ERROR;
				CLANG_WARN_SUSPICIOUS_MOVE = YES;
				CLANG_WARN_UNREACHABLE_CODE = YES;
				CLANG_WARN__DUPLICATE_METHOD_MATCH = YES;
				"CODE_SIGN_IDENTITY[sdk=iphoneos*]" = "iPhone Developer";
				COPY_PHASE_STRIP = NO;
				DEBUG_INFORMATION_FORMAT = dwarf;
				ENABLE_STRICT_OBJC_MSGSEND = YES;
				ENABLE_TESTABILITY = YES;
				GCC_C_LANGUAGE_STANDARD = gnu99;
				GCC_DYNAMIC_NO_PIC = NO;
				GCC_NO_COMMON_BLOCKS = YES;
				GCC_OPTIMIZATION_LEVEL = 0;
				GCC_PREPROCESSOR_DEFINITIONS = (
					"DEBUG=1",
					"$(inherited)",
				);
				GCC_WARN_64_TO_32_BIT_CONVERSION = YES;
				GCC_WARN_ABOUT_RETURN_TYPE = YES_ERROR;
				GCC_WARN_UNDECLARED_SELECTOR = YES;
				GCC_WARN_UNINITIALIZED_AUTOS = YES_AGGRESSIVE;
				GCC_WARN_UNUSED_FUNCTION = YES;
				GCC_WARN_UNUSED_VARIABLE = YES;
				IPHONEOS_DEPLOYMENT_TARGET = 10.3;
				MTL_ENABLE_DEBUG_INFO = YES;
				ONLY_ACTIVE_ARCH = YES;
				SDKROOT = iphoneos;
				SWIFT_ACTIVE_COMPILATION_CONDITIONS = DEBUG;
				SWIFT_OPTIMIZATION_LEVEL = "-Onone";
			};
			name = Debug;
		};
		718866F61EB0429100AD11F8 /* Release */ = {
			isa = XCBuildConfiguration;
			buildSettings = {
				ALWAYS_SEARCH_USER_PATHS = NO;
				CLANG_ANALYZER_NONNULL = YES;
				CLANG_ANALYZER_NUMBER_OBJECT_CONVERSION = YES_AGGRESSIVE;
				CLANG_CXX_LANGUAGE_STANDARD = "gnu++0x";
				CLANG_CXX_LIBRARY = "libc++";
				CLANG_ENABLE_MODULES = YES;
				CLANG_ENABLE_OBJC_ARC = YES;
				CLANG_WARN_BOOL_CONVERSION = YES;
				CLANG_WARN_CONSTANT_CONVERSION = YES;
				CLANG_WARN_DIRECT_OBJC_ISA_USAGE = YES_ERROR;
				CLANG_WARN_DOCUMENTATION_COMMENTS = YES;
				CLANG_WARN_EMPTY_BODY = YES;
				CLANG_WARN_ENUM_CONVERSION = YES;
				CLANG_WARN_INFINITE_RECURSION = YES;
				CLANG_WARN_INT_CONVERSION = YES;
				CLANG_WARN_OBJC_ROOT_CLASS = YES_ERROR;
				CLANG_WARN_SUSPICIOUS_MOVE = YES;
				CLANG_WARN_UNREACHABLE_CODE = YES;
				CLANG_WARN__DUPLICATE_METHOD_MATCH = YES;
				"CODE_SIGN_IDENTITY[sdk=iphoneos*]" = "iPhone Developer";
				COPY_PHASE_STRIP = NO;
				DEBUG_INFORMATION_FORMAT = "dwarf-with-dsym";
				ENABLE_NS_ASSERTIONS = NO;
				ENABLE_STRICT_OBJC_MSGSEND = YES;
				GCC_C_LANGUAGE_STANDARD = gnu99;
				GCC_NO_COMMON_BLOCKS = YES;
				GCC_WARN_64_TO_32_BIT_CONVERSION = YES;
				GCC_WARN_ABOUT_RETURN_TYPE = YES_ERROR;
				GCC_WARN_UNDECLARED_SELECTOR = YES;
				GCC_WARN_UNINITIALIZED_AUTOS = YES_AGGRESSIVE;
				GCC_WARN_UNUSED_FUNCTION = YES;
				GCC_WARN_UNUSED_VARIABLE = YES;
				IPHONEOS_DEPLOYMENT_TARGET = 10.3;
				MTL_ENABLE_DEBUG_INFO = NO;
				SDKROOT = iphoneos;
				SWIFT_OPTIMIZATION_LEVEL = "-Owholemodule";
				VALIDATE_PRODUCT = YES;
			};
			name = Release;
		};
		718866F81EB0429100AD11F8 /* Debug */ = {
			isa = XCBuildConfiguration;
			baseConfigurationReference = 77810C145E98F00287DD081F /* Pods-Hippocampus.debug.xcconfig */;
			buildSettings = {
				ASSETCATALOG_COMPILER_APPICON_NAME = AppIcon;
				INFOPLIST_FILE = Hippocampus/Info.plist;
				LD_RUNPATH_SEARCH_PATHS = "$(inherited) @executable_path/Frameworks";
				PRODUCT_BUNDLE_IDENTIFIER = ntust.csie.Hippocampus;
				PRODUCT_NAME = "$(TARGET_NAME)";
				SWIFT_VERSION = 3.0;
			};
			name = Debug;
		};
		718866F91EB0429100AD11F8 /* Release */ = {
			isa = XCBuildConfiguration;
			baseConfigurationReference = 47E6228662497DA245DC1A14 /* Pods-Hippocampus.release.xcconfig */;
			buildSettings = {
				ASSETCATALOG_COMPILER_APPICON_NAME = AppIcon;
				INFOPLIST_FILE = Hippocampus/Info.plist;
				LD_RUNPATH_SEARCH_PATHS = "$(inherited) @executable_path/Frameworks";
				PRODUCT_BUNDLE_IDENTIFIER = ntust.csie.Hippocampus;
				PRODUCT_NAME = "$(TARGET_NAME)";
				SWIFT_VERSION = 3.0;
			};
			name = Release;
		};
		718866FB1EB0429100AD11F8 /* Debug */ = {
			isa = XCBuildConfiguration;
			buildSettings = {
				ALWAYS_EMBED_SWIFT_STANDARD_LIBRARIES = YES;
				BUNDLE_LOADER = "$(TEST_HOST)";
				INFOPLIST_FILE = HippocampusTests/Info.plist;
				LD_RUNPATH_SEARCH_PATHS = "$(inherited) @executable_path/Frameworks @loader_path/Frameworks";
				PRODUCT_BUNDLE_IDENTIFIER = ntust.csie.HippocampusTests;
				PRODUCT_NAME = "$(TARGET_NAME)";
				SWIFT_VERSION = 3.0;
				TEST_HOST = "$(BUILT_PRODUCTS_DIR)/Hippocampus.app/Hippocampus";
			};
			name = Debug;
		};
		718866FC1EB0429100AD11F8 /* Release */ = {
			isa = XCBuildConfiguration;
			buildSettings = {
				ALWAYS_EMBED_SWIFT_STANDARD_LIBRARIES = YES;
				BUNDLE_LOADER = "$(TEST_HOST)";
				INFOPLIST_FILE = HippocampusTests/Info.plist;
				LD_RUNPATH_SEARCH_PATHS = "$(inherited) @executable_path/Frameworks @loader_path/Frameworks";
				PRODUCT_BUNDLE_IDENTIFIER = ntust.csie.HippocampusTests;
				PRODUCT_NAME = "$(TARGET_NAME)";
				SWIFT_VERSION = 3.0;
				TEST_HOST = "$(BUILT_PRODUCTS_DIR)/Hippocampus.app/Hippocampus";
			};
			name = Release;
		};
		718866FE1EB0429100AD11F8 /* Debug */ = {
			isa = XCBuildConfiguration;
			buildSettings = {
				ALWAYS_EMBED_SWIFT_STANDARD_LIBRARIES = YES;
				INFOPLIST_FILE = HippocampusUITests/Info.plist;
				LD_RUNPATH_SEARCH_PATHS = "$(inherited) @executable_path/Frameworks @loader_path/Frameworks";
				PRODUCT_BUNDLE_IDENTIFIER = ntust.csie.HippocampusUITests;
				PRODUCT_NAME = "$(TARGET_NAME)";
				SWIFT_VERSION = 3.0;
				TEST_TARGET_NAME = Hippocampus;
			};
			name = Debug;
		};
		718866FF1EB0429100AD11F8 /* Release */ = {
			isa = XCBuildConfiguration;
			buildSettings = {
				ALWAYS_EMBED_SWIFT_STANDARD_LIBRARIES = YES;
				INFOPLIST_FILE = HippocampusUITests/Info.plist;
				LD_RUNPATH_SEARCH_PATHS = "$(inherited) @executable_path/Frameworks @loader_path/Frameworks";
				PRODUCT_BUNDLE_IDENTIFIER = ntust.csie.HippocampusUITests;
				PRODUCT_NAME = "$(TARGET_NAME)";
				SWIFT_VERSION = 3.0;
				TEST_TARGET_NAME = Hippocampus;
			};
			name = Release;
		};
/* End XCBuildConfiguration section */

/* Begin XCConfigurationList section */
		718866CA1EB0429100AD11F8 /* Build configuration list for PBXProject "Hippocampus" */ = {
			isa = XCConfigurationList;
			buildConfigurations = (
				718866F51EB0429100AD11F8 /* Debug */,
				718866F61EB0429100AD11F8 /* Release */,
			);
			defaultConfigurationIsVisible = 0;
			defaultConfigurationName = Release;
		};
		718866F71EB0429100AD11F8 /* Build configuration list for PBXNativeTarget "Hippocampus" */ = {
			isa = XCConfigurationList;
			buildConfigurations = (
				718866F81EB0429100AD11F8 /* Debug */,
				718866F91EB0429100AD11F8 /* Release */,
			);
			defaultConfigurationIsVisible = 0;
			defaultConfigurationName = Release;
		};
		718866FA1EB0429100AD11F8 /* Build configuration list for PBXNativeTarget "HippocampusTests" */ = {
			isa = XCConfigurationList;
			buildConfigurations = (
				718866FB1EB0429100AD11F8 /* Debug */,
				718866FC1EB0429100AD11F8 /* Release */,
			);
			defaultConfigurationIsVisible = 0;
			defaultConfigurationName = Release;
		};
		718866FD1EB0429100AD11F8 /* Build configuration list for PBXNativeTarget "HippocampusUITests" */ = {
			isa = XCConfigurationList;
			buildConfigurations = (
				718866FE1EB0429100AD11F8 /* Debug */,
				718866FF1EB0429100AD11F8 /* Release */,
			);
			defaultConfigurationIsVisible = 0;
			defaultConfigurationName = Release;
		};
/* End XCConfigurationList section */

/* Begin XCVersionGroup section */
		7119E56F1EB703DC000F2893 /* diary_data.xcdatamodeld */ = {
			isa = XCVersionGroup;
			children = (
				7119E5701EB703DC000F2893 /* diary_data.xcdatamodel */,
			);
			currentVersion = 7119E5701EB703DC000F2893 /* diary_data.xcdatamodel */;
			path = diary_data.xcdatamodeld;
			sourceTree = "<group>";
			versionGroupType = wrapper.xcdatamodel;
		};
/* End XCVersionGroup section */
	};
	rootObject = 718866C71EB0429100AD11F8 /* Project object */;
}
